
Microsoft Visual Studio Solution File, Format Version 12.00
# Visual Studio 14
VisualStudioVersion = 14.0.23107.0
MinimumVisualStudioVersion = 10.0.40219.1
Project("{FAE04EC0-301F-11D3-BF4B-00C04F79EFBC}") = "IoTRest", "IoTRest\IoTRest.csproj", "{8066B852-D8D9-4334-9044-A440D930E179}"
EndProject
Project("{FAE04EC0-301F-11D3-BF4B-00C04F79EFBC}") = "IoTRestAPI", "IoTRestAPI\IoTRestAPI.csproj", "{641B7AD2-1C20-424E-BC26-5EA40B1FB6E8}"
EndProject
Global
	GlobalSection(SolutionConfigurationPlatforms) = preSolution
		Debug|Any CPU = Debug|Any CPU
		Release|Any CPU = Release|Any CPU
	EndGlobalSection
	GlobalSection(ProjectConfigurationPlatforms) = postSolution
		{8066B852-D8D9-4334-9044-A440D930E179}.Debug|Any CPU.ActiveCfg = Debug|Any CPU
		{8066B852-D8D9-4334-9044-A440D930E179}.Debug|Any CPU.Build.0 = Debug|Any CPU
		{8066B852-D8D9-4334-9044-A440D930E179}.Release|Any CPU.ActiveCfg = Release|Any CPU
		{8066B852-D8D9-4334-9044-A440D930E179}.Release|Any CPU.Build.0 = Release|Any CPU
		{641B7AD2-1C20-424E-BC26-5EA40B1FB6E8}.Debug|Any CPU.ActiveCfg = Debug|Any CPU
		{641B7AD2-1C20-424E-BC26-5EA40B1FB6E8}.Debug|Any CPU.Build.0 = Debug|Any CPU
		{641B7AD2-1C20-424E-BC26-5EA40B1FB6E8}.Release|Any CPU.ActiveCfg = Release|Any CPU
		{641B7AD2-1C20-424E-BC26-5EA40B1FB6E8}.Release|Any CPU.Build.0 = Release|Any CPU
	EndGlobalSection
	GlobalSection(SolutionProperties) = preSolution
		HideSolutionNode = FALSE
	EndGlobalSection
EndGlobal
